# THIS IS AN AUTOGENERATED FILE. DO NOT EDIT THIS FILE DIRECTLY.
# yarn lockfile v1


"@types/chai@^4.1.4":
  version "4.1.4"
  resolved "https://registry.yarnpkg.com/@types/chai/-/chai-4.1.4.tgz#5ca073b330d90b4066d6ce18f60d57f2084ce8ca"
  integrity sha512-h6+VEw2Vr3ORiFCyyJmcho2zALnUq9cvdB/IO8Xs9itrJVCenC7o26A6+m7D0ihTTr65eS259H5/Ghl/VjYs6g==

"@types/mocha@^5.2.5":
  version "5.2.5"
  resolved "https://registry.yarnpkg.com/@types/mocha/-/mocha-5.2.5.tgz#8a4accfc403c124a0bafe8a9fc61a05ec1032073"
  integrity sha512-lAVp+Kj54ui/vLUFxsJTMtWvZraZxum3w3Nwkble2dNuV5VnPA+Mi2oGX9XYJAaIvZi3tn3cbjS/qcJXRb6Bww==
